// !$*UTF8*$!
{
	archiveVersion = 1;
	classes = {
	};
	objectVersion = 46;
	objects = {

/* Begin PBXBuildFile section */
		5348F79D1B4A481500DCBDC5 /* FillCartContants.swift in Sources */ = {isa = PBXBuildFile; fileRef = 5348F79C1B4A481500DCBDC5 /* FillCartContants.swift */; };
		53833E0B1B42A5B900E00BB4 /* AppDelegate.swift in Sources */ = {isa = PBXBuildFile; fileRef = 53833E0A1B42A5B900E00BB4 /* AppDelegate.swift */; };
		53833E0D1B42A5B900E00BB4 /* ViewController.swift in Sources */ = {isa = PBXBuildFile; fileRef = 53833E0C1B42A5B900E00BB4 /* ViewController.swift */; };
		53833E101B42A5B900E00BB4 /* Main.storyboard in Resources */ = {isa = PBXBuildFile; fileRef = 53833E0E1B42A5B900E00BB4 /* Main.storyboard */; };
		53833E121B42A5B900E00BB4 /* Assets.xcassets in Resources */ = {isa = PBXBuildFile; fileRef = 53833E111B42A5B900E00BB4 /* Assets.xcassets */; };
		53833E151B42A5B900E00BB4 /* LaunchScreen.storyboard in Resources */ = {isa = PBXBuildFile; fileRef = 53833E131B42A5B900E00BB4 /* LaunchScreen.storyboard */; };
		53833E201B42A5B900E00BB4 /* FillcartTests.swift in Sources */ = {isa = PBXBuildFile; fileRef = 53833E1F1B42A5B900E00BB4 /* FillcartTests.swift */; };
		53833E2B1B42A5B900E00BB4 /* FillcartUITests.swift in Sources */ = {isa = PBXBuildFile; fileRef = 53833E2A1B42A5B900E00BB4 /* FillcartUITests.swift */; };
/* End PBXBuildFile section */

/* Begin PBXContainerItemProxy section */
		53833E1C1B42A5B900E00BB4 /* PBXContainerItemProxy */ = {
			isa = PBXContainerItemProxy;
			containerPortal = 53833DFF1B42A5B900E00BB4 /* Project object */;
			proxyType = 1;
			remoteGlobalIDString = 53833E061B42A5B900E00BB4;
			remoteInfo = Fillcart;
		};
		53833E271B42A5B900E00BB4 /* PBXContainerItemProxy */ = {
			isa = PBXContainerItemProxy;
			containerPortal = 53833DFF1B42A5B900E00BB4 /* Project object */;
			proxyType = 1;
			remoteGlobalIDString = 53833E061B42A5B900E00BB4;
			remoteInfo = Fillcart;
		};
/* End PBXContainerItemProxy section */

/* Begin PBXFileReference section */
		5348F79C1B4A481500DCBDC5 /* FillCartContants.swift */ = {isa = PBXFileReference; fileEncoding = 4; lastKnownFileType = sourcecode.swift; path = FillCartContants.swift; sourceTree = "<group>"; };
		53833E071B42A5B900E00BB4 /* Fillcart.app */ = {isa = PBXFileReference; explicitFileType = wrapper.application; includeInIndex = 0; path = Fillcart.app; sourceTree = BUILT_PRODUCTS_DIR; };
		53833E0A1B42A5B900E00BB4 /* AppDelegate.swift */ = {isa = PBXFileReference; lastKnownFileType = sourcecode.swift; path = AppDelegate.swift; sourceTree = "<group>"; };
		53833E0C1B42A5B900E00BB4 /* ViewController.swift */ = {isa = PBXFileReference; lastKnownFileType = sourcecode.swift; path = ViewController.swift; sourceTree = "<group>"; };
		53833E0F1B42A5B900E00BB4 /* Base */ = {isa = PBXFileReference; lastKnownFileType = file.storyboard; name = Base; path = Base.lproj/Main.storyboard; sourceTree = "<group>"; };
		53833E111B42A5B900E00BB4 /* Assets.xcassets */ = {isa = PBXFileReference; lastKnownFileType = folder.assetcatalog; path = Assets.xcassets; sourceTree = "<group>"; };
		53833E141B42A5B900E00BB4 /* Base */ = {isa = PBXFileReference; lastKnownFileType = file.storyboard; name = Base; path = Base.lproj/LaunchScreen.storyboard; sourceTree = "<group>"; };
		53833E161B42A5B900E00BB4 /* Info.plist */ = {isa = PBXFileReference; lastKnownFileType = text.plist.xml; path = Info.plist; sourceTree = "<group>"; };
		53833E1B1B42A5B900E00BB4 /* FillcartTests.xctest */ = {isa = PBXFileReference; explicitFileType = wrapper.cfbundle; includeInIndex = 0; path = FillcartTests.xctest; sourceTree = BUILT_PRODUCTS_DIR; };
		53833E1F1B42A5B900E00BB4 /* FillcartTests.swift */ = {isa = PBXFileReference; lastKnownFileType = sourcecode.swift; path = FillcartTests.swift; sourceTree = "<group>"; };
		53833E211B42A5B900E00BB4 /* Info.plist */ = {isa = PBXFileReference; lastKnownFileType = text.plist.xml; path = Info.plist; sourceTree = "<group>"; };
		53833E261B42A5B900E00BB4 /* FillcartUITests.xctest */ = {isa = PBXFileReference; explicitFileType = wrapper.cfbundle; includeInIndex = 0; path = FillcartUITests.xctest; sourceTree = BUILT_PRODUCTS_DIR; };
		53833E2A1B42A5B900E00BB4 /* FillcartUITests.swift */ = {isa = PBXFileReference; lastKnownFileType = sourcecode.swift; path = FillcartUITests.swift; sourceTree = "<group>"; };
		53833E2C1B42A5B900E00BB4 /* Info.plist */ = {isa = PBXFileReference; lastKnownFileType = text.plist.xml; path = Info.plist; sourceTree = "<group>"; };
/* End PBXFileReference section */

/* Begin PBXFrameworksBuildPhase section */
		53833E041B42A5B900E00BB4 /* Frameworks */ = {
			isa = PBXFrameworksBuildPhase;
			buildActionMask = 2147483647;
			files = (
			);
			runOnlyForDeploymentPostprocessing = 0;
		};
		53833E181B42A5B900E00BB4 /* Frameworks */ = {
			isa = PBXFrameworksBuildPhase;
			buildActionMask = 2147483647;
			files = (
			);
			runOnlyForDeploymentPostprocessing = 0;
		};
		53833E231B42A5B900E00BB4 /* Frameworks */ = {
			isa = PBXFrameworksBuildPhase;
			buildActionMask = 2147483647;
			files = (
			);
			runOnlyForDeploymentPostprocessing = 0;
		};
/* End PBXFrameworksBuildPhase section */

/* Begin PBXGroup section */
		53833DFE1B42A5B900E00BB4 = {
			isa = PBXGroup;
			children = (
				53833E091B42A5B900E00BB4 /* Fillcart */,
				53833E1E1B42A5B900E00BB4 /* FillcartTests */,
				53833E291B42A5B900E00BB4 /* FillcartUITests */,
				53833E081B42A5B900E00BB4 /* Products */,
			);
			sourceTree = "<group>";
		};
		53833E081B42A5B900E00BB4 /* Products */ = {
			isa = PBXGroup;
			children = (
				53833E071B42A5B900E00BB4 /* Fillcart.app */,
				53833E1B1B42A5B900E00BB4 /* FillcartTests.xctest */,
				53833E261B42A5B900E00BB4 /* FillcartUITests.xctest */,
			);
			name = Products;
			sourceTree = "<group>";
		};
		53833E091B42A5B900E00BB4 /* Fillcart */ = {
			isa = PBXGroup;
			children = (
				53833E0A1B42A5B900E00BB4 /* AppDelegate.swift */,
				53833E0C1B42A5B900E00BB4 /* ViewController.swift */,
				53833E0E1B42A5B900E00BB4 /* Main.storyboard */,
				53833E111B42A5B900E00BB4 /* Assets.xcassets */,
				53833E131B42A5B900E00BB4 /* LaunchScreen.storyboard */,
				53833E161B42A5B900E00BB4 /* Info.plist */,
			);
			path = Fillcart;
			sourceTree = "<group>";
		};
		53833E1E1B42A5B900E00BB4 /* FillcartTests */ = {
			isa = PBXGroup;
			children = (
				53833E1F1B42A5B900E00BB4 /* FillcartTests.swift */,
				53833E211B42A5B900E00BB4 /* Info.plist */,
			);
			path = FillcartTests;
			sourceTree = "<group>";
		};
		53833E291B42A5B900E00BB4 /* FillcartUITests */ = {
			isa = PBXGroup;
			children = (
				5348F79C1B4A481500DCBDC5 /* FillCartContants.swift */,
				53833E2A1B42A5B900E00BB4 /* FillcartUITests.swift */,
				53833E2C1B42A5B900E00BB4 /* Info.plist */,
			);
			path = FillcartUITests;
			sourceTree = "<group>";
		};
/* End PBXGroup section */

/* Begin PBXNativeTarget section */
		53833E061B42A5B900E00BB4 /* Fillcart */ = {
			isa = PBXNativeTarget;
			buildConfigurationList = 53833E2F1B42A5B900E00BB4 /* Build configuration list for PBXNativeTarget "Fillcart" */;
			buildPhases = (
				53833E031B42A5B900E00BB4 /* Sources */,
				53833E041B42A5B900E00BB4 /* Frameworks */,
				53833E051B42A5B900E00BB4 /* Resources */,
			);
			buildRules = (
			);
			dependencies = (
			);
			name = Fillcart;
			productName = Fillcart;
			productReference = 53833E071B42A5B900E00BB4 /* Fillcart.app */;
			productType = "com.apple.product-type.application";
		};
		53833E1A1B42A5B900E00BB4 /* FillcartTests */ = {
			isa = PBXNativeTarget;
			buildConfigurationList = 53833E321B42A5B900E00BB4 /* Build configuration list for PBXNativeTarget "FillcartTests" */;
			buildPhases = (
				53833E171B42A5B900E00BB4 /* Sources */,
				53833E181B42A5B900E00BB4 /* Frameworks */,
				53833E191B42A5B900E00BB4 /* Resources */,
			);
			buildRules = (
			);
			dependencies = (
				53833E1D1B42A5B900E00BB4 /* PBXTargetDependency */,
			);
			name = FillcartTests;
			productName = FillcartTests;
			productReference = 53833E1B1B42A5B900E00BB4 /* FillcartTests.xctest */;
			productType = "com.apple.product-type.bundle.unit-test";
		};
		53833E251B42A5B900E00BB4 /* FillcartUITests */ = {
			isa = PBXNativeTarget;
			buildConfigurationList = 53833E351B42A5B900E00BB4 /* Build configuration list for PBXNativeTarget "FillcartUITests" */;
			buildPhases = (
				53833E221B42A5B900E00BB4 /* Sources */,
				53833E231B42A5B900E00BB4 /* Frameworks */,
				53833E241B42A5B900E00BB4 /* Resources */,
			);
			buildRules = (
			);
			dependencies = (
				53833E281B42A5B900E00BB4 /* PBXTargetDependency */,
			);
			name = FillcartUITests;
			productName = FillcartUITests;
			productReference = 53833E261B42A5B900E00BB4 /* FillcartUITests.xctest */;
			productType = "com.apple.product-type.bundle.ui-testing";
		};
/* End PBXNativeTarget section */

/* Begin PBXProject section */
		53833DFF1B42A5B900E00BB4 /* Project object */ = {
			isa = PBXProject;
			attributes = {
				LastUpgradeCheck = 0700;
				ORGANIZATIONNAME = "Sarvajeet Gada";
				TargetAttributes = {
					53833E061B42A5B900E00BB4 = {
						CreatedOnToolsVersion = 7.0;
						DevelopmentTeam = HGEL3T892X;
					};
					53833E1A1B42A5B900E00BB4 = {
						CreatedOnToolsVersion = 7.0;
						TestTargetID = 53833E061B42A5B900E00BB4;
					};
					53833E251B42A5B900E00BB4 = {
						CreatedOnToolsVersion = 7.0;
						TestTargetID = 53833E061B42A5B900E00BB4;
					};
				};
			};
			buildConfigurationList = 53833E021B42A5B900E00BB4 /* Build configuration list for PBXProject "Fillcart" */;
			compatibilityVersion = "Xcode 3.2";
			developmentRegion = English;
			hasScannedForEncodings = 0;
			knownRegions = (
				en,
				Base,
			);
			mainGroup = 53833DFE1B42A5B900E00BB4;
			productRefGroup = 53833E081B42A5B900E00BB4 /* Products */;
			projectDirPath = "";
			projectRoot = "";
			targets = (
				53833E061B42A5B900E00BB4 /* Fillcart */,
				53833E1A1B42A5B900E00BB4 /* FillcartTests */,
				53833E251B42A5B900E00BB4 /* FillcartUITests */,
			);
		};
/* End PBXProject section */

/* Begin PBXResourcesBuildPhase section */
		53833E051B42A5B900E00BB4 /* Resources */ = {
			isa = PBXResourcesBuildPhase;
			buildActionMask = 2147483647;
			files = (
				53833E151B42A5B900E00BB4 /* LaunchScreen.storyboard in Resources */,
				53833E121B42A5B900E00BB4 /* Assets.xcassets in Resources */,
				53833E101B42A5B900E00BB4 /* Main.storyboard in Resources */,
			);
			runOnlyForDeploymentPostprocessing = 0;
		};
		53833E191B42A5B900E00BB4 /* Resources */ = {
			isa = PBXResourcesBuildPhase;
			buildActionMask = 2147483647;
			files = (
			);
			runOnlyForDeploymentPostprocessing = 0;
		};
		53833E241B42A5B900E00BB4 /* Resources */ = {
			isa = PBXResourcesBuildPhase;
			buildActionMask = 2147483647;
			files = (
			);
			runOnlyForDeploymentPostprocessing = 0;
		};
/* End PBXResourcesBuildPhase section */

/* Begin PBXSourcesBuildPhase section */
		53833E031B42A5B900E00BB4 /* Sources */ = {
			isa = PBXSourcesBuildPhase;
			buildActionMask = 2147483647;
			files = (
				53833E0D1B42A5B900E00BB4 /* ViewController.swift in Sources */,
				53833E0B1B42A5B900E00BB4 /* AppDelegate.swift in Sources */,
			);
			runOnlyForDeploymentPostprocessing = 0;
		};
		53833E171B42A5B900E00BB4 /* Sources */ = {
			isa = PBXSourcesBuildPhase;
			buildActionMask = 2147483647;
			files = (
				53833E201B42A5B900E00BB4 /* FillcartTests.swift in Sources */,
			);
			runOnlyForDeploymentPostprocessing = 0;
		};
		53833E221B42A5B900E00BB4 /* Sources */ = {
			isa = PBXSourcesBuildPhase;
			buildActionMask = 2147483647;
			files = (
				5348F79D1B4A481500DCBDC5 /* FillCartContants.swift in Sources */,
				53833E2B1B42A5B900E00BB4 /* FillcartUITests.swift in Sources */,
			);
			runOnlyForDeploymentPostprocessing = 0;
		};
/* End PBXSourcesBuildPhase section */

/* Begin PBXTargetDependency section */
		53833E1D1B42A5B900E00BB4 /* PBXTargetDependency */ = {
			isa = PBXTargetDependency;
			target = 53833E061B42A5B900E00BB4 /* Fillcart */;
			targetProxy = 53833E1C1B42A5B900E00BB4 /* PBXContainerItemProxy */;
		};
		53833E281B42A5B900E00BB4 /* PBXTargetDependency */ = {
			isa = PBXTargetDependency;
			target = 53833E061B42A5B900E00BB4 /* Fillcart */;
			targetProxy = 53833E271B42A5B900E00BB4 /* PBXContainerItemProxy */;
		};
/* End PBXTargetDependency section */

/* Begin PBXVariantGroup section */
		53833E0E1B42A5B900E00BB4 /* Main.storyboard */ = {
			isa = PBXVariantGroup;
			children = (
				53833E0F1B42A5B900E00BB4 /* Base */,
			);
			name = Main.storyboard;
			sourceTree = "<group>";
		};
		53833E131B42A5B900E00BB4 /* LaunchScreen.storyboard */ = {
			isa = PBXVariantGroup;
			children = (
				53833E141B42A5B900E00BB4 /* Base */,
			);
			name = LaunchScreen.storyboard;
			sourceTree = "<group>";
		};
/* End PBXVariantGroup section */

/* Begin XCBuildConfiguration section */
		53833E2D1B42A5B900E00BB4 /* Debug */ = {
			isa = XCBuildConfiguration;
			buildSettings = {
				ALWAYS_SEARCH_USER_PATHS = NO;
				CLANG_CXX_LANGUAGE_STANDARD = "gnu++0x";
				CLANG_CXX_LIBRARY = "libc++";
				CLANG_ENABLE_MODULES = YES;
				CLANG_ENABLE_OBJC_ARC = YES;
				CLANG_WARN_BOOL_CONVERSION = YES;
				CLANG_WARN_CONSTANT_CONVERSION = YES;
				CLANG_WARN_DIRECT_OBJC_ISA_USAGE = YES_ERROR;
				CLANG_WARN_EMPTY_BODY = YES;
				CLANG_WARN_ENUM_CONVERSION = YES;
				CLANG_WARN_INT_CONVERSION = YES;
				CLANG_WARN_OBJC_ROOT_CLASS = YES_ERROR;
				CLANG_WARN_UNREACHABLE_CODE = YES;
				CLANG_WARN__DUPLICATE_METHOD_MATCH = YES;
				"CODE_SIGN_IDENTITY[sdk=iphoneos*]" = "iPhone Developer";
				COPY_PHASE_STRIP = NO;
				DEBUG_INFORMATION_FORMAT = dwarf;
				ENABLE_STRICT_OBJC_MSGSEND = YES;
				ENABLE_TESTABILITY = YES;
				GCC_C_LANGUAGE_STANDARD = gnu99;
				GCC_DYNAMIC_NO_PIC = NO;
				GCC_NO_COMMON_BLOCKS = YES;
				GCC_OPTIMIZATION_LEVEL = 0;
				GCC_PREPROCESSOR_DEFINITIONS = (
					"DEBUG=1",
					"$(inherited)",
				);
				GCC_WARN_64_TO_32_BIT_CONVERSION = YES;
				GCC_WARN_ABOUT_RETURN_TYPE = YES_ERROR;
				GCC_WARN_UNDECLARED_SELECTOR = YES;
				GCC_WARN_UNINITIALIZED_AUTOS = YES_AGGRESSIVE;
				GCC_WARN_UNUSED_FUNCTION = YES;
				GCC_WARN_UNUSED_VARIABLE = YES;
				IPHONEOS_DEPLOYMENT_TARGET = 9.0;
				MTL_ENABLE_DEBUG_INFO = YES;
				ONLY_ACTIVE_ARCH = YES;
				SDKROOT = iphoneos;
				SWIFT_OPTIMIZATION_LEVEL = "-Onone";
				TARGETED_DEVICE_FAMILY = "1,2";
			};
			name = Debug;
		};
		53833E2E1B42A5B900E00BB4 /* Release */ = {
			isa = XCBuildConfiguration;
			buildSettings = {
				ALWAYS_SEARCH_USER_PATHS = NO;
				CLANG_CXX_LANGUAGE_STANDARD = "gnu++0x";
				CLANG_CXX_LIBRARY = "libc++";
				CLANG_ENABLE_MODULES = YES;
				CLANG_ENABLE_OBJC_ARC = YES;
				CLANG_WARN_BOOL_CONVERSION = YES;
				CLANG_WARN_CONSTANT_CONVERSION = YES;
				CLANG_WARN_DIRECT_OBJC_ISA_USAGE = YES_ERROR;
				CLANG_WARN_EMPTY_BODY = YES;
				CLANG_WARN_ENUM_CONVERSION = YES;
				CLANG_WARN_INT_CONVERSION = YES;
				CLANG_WARN_OBJC_ROOT_CLASS = YES_ERROR;
				CLANG_WARN_UNREACHABLE_CODE = YES;
				CLANG_WARN__DUPLICATE_METHOD_MATCH = YES;
				"CODE_SIGN_IDENTITY[sdk=iphoneos*]" = "iPhone Developer";
				COPY_PHASE_STRIP = NO;
				DEBUG_INFORMATION_FORMAT = "dwarf-with-dsym";
				ENABLE_NS_ASSERTIONS = NO;
				ENABLE_STRICT_OBJC_MSGSEND = YES;
				GCC_C_LANGUAGE_STANDARD = gnu99;
				GCC_NO_COMMON_BLOCKS = YES;
				GCC_WARN_64_TO_32_BIT_CONVERSION = YES;
				GCC_WARN_ABOUT_RETURN_TYPE = YES_ERROR;
				GCC_WARN_UNDECLARED_SELECTOR = YES;
				GCC_WARN_UNINITIALIZED_AUTOS = YES_AGGRESSIVE;
				GCC_WARN_UNUSED_FUNCTION = YES;
				GCC_WARN_UNUSED_VARIABLE = YES;
				IPHONEOS_DEPLOYMENT_TARGET = 9.0;
				MTL_ENABLE_DEBUG_INFO = NO;
				SDKROOT = iphoneos;
				TARGETED_DEVICE_FAMILY = "1,2";
				VALIDATE_PRODUCT = YES;
			};
			name = Release;
		};
		53833E301B42A5B900E00BB4 /* Debug */ = {
			isa = XCBuildConfiguration;
			buildSettings = {
				ASSETCATALOG_COMPILER_APPICON_NAME = AppIcon;
				CODE_SIGN_IDENTITY = "";
				"CODE_SIGN_IDENTITY[sdk=iphoneos*]" = "";
				INFOPLIST_FILE = Fillcart/Info.plist;
				LD_RUNPATH_SEARCH_PATHS = "$(inherited) @executable_path/Frameworks";
				PRODUCT_BUNDLE_IDENTIFIER = com.morningstar.test.Fillcart;
				PRODUCT_NAME = "$(TARGET_NAME)";
			};
			name = Debug;
		};
		53833E311B42A5B900E00BB4 /* Release */ = {
			isa = XCBuildConfiguration;
			buildSettings = {
				ASSETCATALOG_COMPILER_APPICON_NAME = AppIcon;
				CODE_SIGN_IDENTITY = "";
				INFOPLIST_FILE = Fillcart/Info.plist;
				LD_RUNPATH_SEARCH_PATHS = "$(inherited) @executable_path/Frameworks";
				PRODUCT_BUNDLE_IDENTIFIER = com.morningstar.test.Fillcart;
				PRODUCT_NAME = "$(TARGET_NAME)";
			};
			name = Release;
		};
		53833E331B42A5B900E00BB4 /* Debug */ = {
			isa = XCBuildConfiguration;
			buildSettings = {
				BUNDLE_LOADER = "$(TEST_HOST)";
				INFOPLIST_FILE = FillcartTests/Info.plist;
				LD_RUNPATH_SEARCH_PATHS = "$(inherited) @executable_path/Frameworks @loader_path/Frameworks";
				PRODUCT_BUNDLE_IDENTIFIER = com.morningstar.test.FillcartTests;
				PRODUCT_NAME = "$(TARGET_NAME)";
				TEST_HOST = "$(BUILT_PRODUCTS_DIR)/Fillcart.app/Fillcart";
			};
			name = Debug;
		};
		53833E341B42A5B900E00BB4 /* Release */ = {
			isa = XCBuildConfiguration;
			buildSettings = {
				BUNDLE_LOADER = "$(TEST_HOST)";
				INFOPLIST_FILE = FillcartTests/Info.plist;
				LD_RUNPATH_SEARCH_PATHS = "$(inherited) @executable_path/Frameworks @loader_path/Frameworks";
				PRODUCT_BUNDLE_IDENTIFIER = com.morningstar.test.FillcartTests;
				PRODUCT_NAME = "$(TARGET_NAME)";
				TEST_HOST = "$(BUILT_PRODUCTS_DIR)/Fillcart.app/Fillcart";
			};
			name = Release;
		};
		53833E361B42A5B900E00BB4 /* Debug */ = {
			isa = XCBuildConfiguration;
			buildSettings = {
				INFOPLIST_FILE = FillcartUITests/Info.plist;
				LD_RUNPATH_SEARCH_PATHS = "$(inherited) @executable_path/Frameworks @loader_path/Frameworks";
				PRODUCT_BUNDLE_IDENTIFIER = com.morningstar.test.FillcartUITests;
				PRODUCT_NAME = "$(TARGET_NAME)";
				TEST_TARGET_NAME = Fillcart;
				USES_XCTRUNNER = YES;
			};
			name = Debug;
		};
		53833E371B42A5B900E00BB4 /* Release */ = {
			isa = XCBuildConfiguration;
			buildSettings = {
				INFOPLIST_FILE = FillcartUITests/Info.plist;
				LD_RUNPATH_SEARCH_PATHS = "$(inherited) @executable_path/Frameworks @loader_path/Frameworks";
				PRODUCT_BUNDLE_IDENTIFIER = com.morningstar.test.FillcartUITests;
				PRODUCT_NAME = "$(TARGET_NAME)";
				TEST_TARGET_NAME = Fillcart;
				USES_XCTRUNNER = YES;
			};
			name = Release;
		};
/* End XCBuildConfiguration section */

/* Begin XCConfigurationList section */
		53833E021B42A5B900E00BB4 /* Build configuration list for PBXProject "Fillcart" */ = {
			isa = XCConfigurationList;
			buildConfigurations = (
				53833E2D1B42A5B900E00BB4 /* Debug */,
				53833E2E1B42A5B900E00BB4 /* Release */,
			);
			defaultConfigurationIsVisible = 0;
			defaultConfigurationName = Release;
		};
		53833E2F1B42A5B900E00BB4 /* Build configuration list for PBXNativeTarget "Fillcart" */ = {
			isa = XCConfigurationList;
			buildConfigurations = (
				53833E301B42A5B900E00BB4 /* Debug */,
				53833E311B42A5B900E00BB4 /* Release */,
			);
			defaultConfigurationIsVisible = 0;
			defaultConfigurationName = Release;
		};
		53833E321B42A5B900E00BB4 /* Build configuration list for PBXNativeTarget "FillcartTests" */ = {
			isa = XCConfigurationList;
			buildConfigurations = (
				53833E331B42A5B900E00BB4 /* Debug */,
				53833E341B42A5B900E00BB4 /* Release */,
			);
			defaultConfigurationIsVisible = 0;
			defaultConfigurationName = Release;
		};
		53833E351B42A5B900E00BB4 /* Build configuration list for PBXNativeTarget "FillcartUITests" */ = {
			isa = XCConfigurationList;
			buildConfigurations = (
				53833E361B42A5B900E00BB4 /* Debug */,
				53833E371B42A5B900E00BB4 /* Release */,
			);
			defaultConfigurationIsVisible = 0;
			defaultConfigurationName = Release;
		};
/* End XCConfigurationList section */
	};
	rootObject = 53833DFF1B42A5B900E00BB4 /* Project object */;
}
